
Microsoft Visual Studio Solution File, Format Version 12.00
# Visual Studio Version 16
VisualStudioVersion = 16.0.30804.86
MinimumVisualStudioVersion = 10.0.40219.1
Project("{8BC9CEB8-8B4A-11D0-8D11-00A0C91BC942}") = "anvil", "anvil\anvil.vcxproj", "{3E1DC8B1-89CF-4D1D-833B-FCD8DE23E16D}"
EndProject
Project("{8BC9CEB8-8B4A-11D0-8D11-00A0C91BC942}") = "lua", "lua\lua.vcxproj", "{D0E2AAFC-53E7-4F0C-96AA-719AF7B05ABE}"
EndProject
Project("{8BC9CEB8-8B4A-11D0-8D11-00A0C91BC942}") = "sandbox-d3d12", "sandbox-d3d12\sandbox-d3d12.vcxproj", "{A340ACAF-EC7E-4378-BF1E-A38F2753986E}"
EndProject
Project("{2150E333-8FDC-42A3-9474-1A3956D46DE8}") = "Solution Items", "Solution Items", "{71DD9E9B-6881-4237-B203-E8A5D02433B8}"
	ProjectSection(SolutionItems) = preProject
		README.md = README.md
	EndProjectSection
EndProject
Project("{8BC9CEB8-8B4A-11D0-8D11-00A0C91BC942}") = "anviltest", "anviltest\anviltest.vcxproj", "{A4E8A419-25CF-4AC1-AA6F-232342B4D82D}"
EndProject
Project("{8BC9CEB8-8B4A-11D0-8D11-00A0C91BC942}") = "softengine", "softengine\softengine.vcxproj", "{7451488F-9D61-4514-B3BE-B215BDF59597}"
EndProject
Project("{8BC9CEB8-8B4A-11D0-8D11-00A0C91BC942}") = "sqlite", "sqlite\sqlite.vcxproj", "{91AD6808-F10E-422A-A260-ED96E2F3DB59}"
EndProject
Project("{8BC9CEB8-8B4A-11D0-8D11-00A0C91BC942}") = "ember", "ember\ember.vcxproj", "{52A7BBF8-60A0-44F1-A3FF-328E10DE033C}"
EndProject
Global
	GlobalSection(SolutionConfigurationPlatforms) = preSolution
		Debug|ARM = Debug|ARM
		Debug|ARM64 = Debug|ARM64
		Debug|x64 = Debug|x64
		Debug|x86 = Debug|x86
		Release|ARM = Release|ARM
		Release|ARM64 = Release|ARM64
		Release|x64 = Release|x64
		Release|x86 = Release|x86
	EndGlobalSection
	GlobalSection(ProjectConfigurationPlatforms) = postSolution
		{3E1DC8B1-89CF-4D1D-833B-FCD8DE23E16D}.Debug|ARM.ActiveCfg = Debug|Win32
		{3E1DC8B1-89CF-4D1D-833B-FCD8DE23E16D}.Debug|ARM64.ActiveCfg = Debug|Win32
		{3E1DC8B1-89CF-4D1D-833B-FCD8DE23E16D}.Debug|x64.ActiveCfg = Debug|x64
		{3E1DC8B1-89CF-4D1D-833B-FCD8DE23E16D}.Debug|x64.Build.0 = Debug|x64
		{3E1DC8B1-89CF-4D1D-833B-FCD8DE23E16D}.Debug|x86.ActiveCfg = Debug|Win32
		{3E1DC8B1-89CF-4D1D-833B-FCD8DE23E16D}.Debug|x86.Build.0 = Debug|Win32
		{3E1DC8B1-89CF-4D1D-833B-FCD8DE23E16D}.Release|ARM.ActiveCfg = Release|Win32
		{3E1DC8B1-89CF-4D1D-833B-FCD8DE23E16D}.Release|ARM64.ActiveCfg = Release|Win32
		{3E1DC8B1-89CF-4D1D-833B-FCD8DE23E16D}.Release|x64.ActiveCfg = Release|x64
		{3E1DC8B1-89CF-4D1D-833B-FCD8DE23E16D}.Release|x64.Build.0 = Release|x64
		{3E1DC8B1-89CF-4D1D-833B-FCD8DE23E16D}.Release|x86.ActiveCfg = Release|Win32
		{3E1DC8B1-89CF-4D1D-833B-FCD8DE23E16D}.Release|x86.Build.0 = Release|Win32
		{D0E2AAFC-53E7-4F0C-96AA-719AF7B05ABE}.Debug|ARM.ActiveCfg = Debug|ARM
		{D0E2AAFC-53E7-4F0C-96AA-719AF7B05ABE}.Debug|ARM.Build.0 = Debug|ARM
		{D0E2AAFC-53E7-4F0C-96AA-719AF7B05ABE}.Debug|ARM64.ActiveCfg = Debug|Win32
		{D0E2AAFC-53E7-4F0C-96AA-719AF7B05ABE}.Debug|x64.ActiveCfg = Debug|x64
		{D0E2AAFC-53E7-4F0C-96AA-719AF7B05ABE}.Debug|x64.Build.0 = Debug|x64
		{D0E2AAFC-53E7-4F0C-96AA-719AF7B05ABE}.Debug|x86.ActiveCfg = Debug|Win32
		{D0E2AAFC-53E7-4F0C-96AA-719AF7B05ABE}.Debug|x86.Build.0 = Debug|Win32
		{D0E2AAFC-53E7-4F0C-96AA-719AF7B05ABE}.Release|ARM.ActiveCfg = Release|ARM
		{D0E2AAFC-53E7-4F0C-96AA-719AF7B05ABE}.Release|ARM.Build.0 = Release|ARM
		{D0E2AAFC-53E7-4F0C-96AA-719AF7B05ABE}.Release|ARM64.ActiveCfg = Release|Win32
		{D0E2AAFC-53E7-4F0C-96AA-719AF7B05ABE}.Release|x64.ActiveCfg = Release|x64
		{D0E2AAFC-53E7-4F0C-96AA-719AF7B05ABE}.Release|x64.Build.0 = Release|x64
		{D0E2AAFC-53E7-4F0C-96AA-719AF7B05ABE}.Release|x86.ActiveCfg = Release|Win32
		{D0E2AAFC-53E7-4F0C-96AA-719AF7B05ABE}.Release|x86.Build.0 = Release|Win32
		{A340ACAF-EC7E-4378-BF1E-A38F2753986E}.Debug|ARM.ActiveCfg = Debug|ARM
		{A340ACAF-EC7E-4378-BF1E-A38F2753986E}.Debug|ARM.Build.0 = Debug|ARM
		{A340ACAF-EC7E-4378-BF1E-A38F2753986E}.Debug|ARM.Deploy.0 = Debug|ARM
		{A340ACAF-EC7E-4378-BF1E-A38F2753986E}.Debug|ARM64.ActiveCfg = Debug|ARM64
		{A340ACAF-EC7E-4378-BF1E-A38F2753986E}.Debug|ARM64.Build.0 = Debug|ARM64
		{A340ACAF-EC7E-4378-BF1E-A38F2753986E}.Debug|ARM64.Deploy.0 = Debug|ARM64
		{A340ACAF-EC7E-4378-BF1E-A38F2753986E}.Debug|x64.ActiveCfg = Debug|x64
		{A340ACAF-EC7E-4378-BF1E-A38F2753986E}.Debug|x64.Build.0 = Debug|x64
		{A340ACAF-EC7E-4378-BF1E-A38F2753986E}.Debug|x64.Deploy.0 = Debug|x64
		{A340ACAF-EC7E-4378-BF1E-A38F2753986E}.Debug|x86.ActiveCfg = Debug|Win32
		{A340ACAF-EC7E-4378-BF1E-A38F2753986E}.Debug|x86.Build.0 = Debug|Win32
		{A340ACAF-EC7E-4378-BF1E-A38F2753986E}.Debug|x86.Deploy.0 = Debug|Win32
		{A340ACAF-EC7E-4378-BF1E-A38F2753986E}.Release|ARM.ActiveCfg = Release|ARM
		{A340ACAF-EC7E-4378-BF1E-A38F2753986E}.Release|ARM.Build.0 = Release|ARM
		{A340ACAF-EC7E-4378-BF1E-A38F2753986E}.Release|ARM.Deploy.0 = Release|ARM
		{A340ACAF-EC7E-4378-BF1E-A38F2753986E}.Release|ARM64.ActiveCfg = Release|ARM64
		{A340ACAF-EC7E-4378-BF1E-A38F2753986E}.Release|ARM64.Build.0 = Release|ARM64
		{A340ACAF-EC7E-4378-BF1E-A38F2753986E}.Release|ARM64.Deploy.0 = Release|ARM64
		{A340ACAF-EC7E-4378-BF1E-A38F2753986E}.Release|x64.ActiveCfg = Release|x64
		{A340ACAF-EC7E-4378-BF1E-A38F2753986E}.Release|x64.Build.0 = Release|x64
		{A340ACAF-EC7E-4378-BF1E-A38F2753986E}.Release|x64.Deploy.0 = Release|x64
		{A340ACAF-EC7E-4378-BF1E-A38F2753986E}.Release|x86.ActiveCfg = Release|Win32
		{A340ACAF-EC7E-4378-BF1E-A38F2753986E}.Release|x86.Build.0 = Release|Win32
		{A340ACAF-EC7E-4378-BF1E-A38F2753986E}.Release|x86.Deploy.0 = Release|Win32
		{A4E8A419-25CF-4AC1-AA6F-232342B4D82D}.Debug|ARM.ActiveCfg = Debug|Win32
		{A4E8A419-25CF-4AC1-AA6F-232342B4D82D}.Debug|ARM64.ActiveCfg = Debug|Win32
		{A4E8A419-25CF-4AC1-AA6F-232342B4D82D}.Debug|x64.ActiveCfg = Debug|x64
		{A4E8A419-25CF-4AC1-AA6F-232342B4D82D}.Debug|x64.Build.0 = Debug|x64
		{A4E8A419-25CF-4AC1-AA6F-232342B4D82D}.Debug|x86.ActiveCfg = Debug|Win32
		{A4E8A419-25CF-4AC1-AA6F-232342B4D82D}.Debug|x86.Build.0 = Debug|Win32
		{A4E8A419-25CF-4AC1-AA6F-232342B4D82D}.Release|ARM.ActiveCfg = Release|Win32
		{A4E8A419-25CF-4AC1-AA6F-232342B4D82D}.Release|ARM64.ActiveCfg = Release|Win32
		{A4E8A419-25CF-4AC1-AA6F-232342B4D82D}.Release|x64.ActiveCfg = Release|x64
		{A4E8A419-25CF-4AC1-AA6F-232342B4D82D}.Release|x64.Build.0 = Release|x64
		{A4E8A419-25CF-4AC1-AA6F-232342B4D82D}.Release|x86.ActiveCfg = Release|Win32
		{A4E8A419-25CF-4AC1-AA6F-232342B4D82D}.Release|x86.Build.0 = Release|Win32
		{7451488F-9D61-4514-B3BE-B215BDF59597}.Debug|ARM.ActiveCfg = Debug|Win32
		{7451488F-9D61-4514-B3BE-B215BDF59597}.Debug|ARM64.ActiveCfg = Debug|Win32
		{7451488F-9D61-4514-B3BE-B215BDF59597}.Debug|x64.ActiveCfg = Debug|x64
		{7451488F-9D61-4514-B3BE-B215BDF59597}.Debug|x64.Build.0 = Debug|x64
		{7451488F-9D61-4514-B3BE-B215BDF59597}.Debug|x86.ActiveCfg = Debug|Win32
		{7451488F-9D61-4514-B3BE-B215BDF59597}.Debug|x86.Build.0 = Debug|Win32
		{7451488F-9D61-4514-B3BE-B215BDF59597}.Release|ARM.ActiveCfg = Release|Win32
		{7451488F-9D61-4514-B3BE-B215BDF59597}.Release|ARM64.ActiveCfg = Release|Win32
		{7451488F-9D61-4514-B3BE-B215BDF59597}.Release|x64.ActiveCfg = Release|x64
		{7451488F-9D61-4514-B3BE-B215BDF59597}.Release|x64.Build.0 = Release|x64
		{7451488F-9D61-4514-B3BE-B215BDF59597}.Release|x86.ActiveCfg = Release|Win32
		{7451488F-9D61-4514-B3BE-B215BDF59597}.Release|x86.Build.0 = Release|Win32
		{91AD6808-F10E-422A-A260-ED96E2F3DB59}.Debug|ARM.ActiveCfg = Debug|ARM
		{91AD6808-F10E-422A-A260-ED96E2F3DB59}.Debug|ARM.Build.0 = Debug|ARM
		{91AD6808-F10E-422A-A260-ED96E2F3DB59}.Debug|ARM64.ActiveCfg = Debug|Win32
		{91AD6808-F10E-422A-A260-ED96E2F3DB59}.Debug|x64.ActiveCfg = Debug|x64
		{91AD6808-F10E-422A-A260-ED96E2F3DB59}.Debug|x64.Build.0 = Debug|x64
		{91AD6808-F10E-422A-A260-ED96E2F3DB59}.Debug|x86.ActiveCfg = Debug|Win32
		{91AD6808-F10E-422A-A260-ED96E2F3DB59}.Debug|x86.Build.0 = Debug|Win32
		{91AD6808-F10E-422A-A260-ED96E2F3DB59}.Release|ARM.ActiveCfg = Release|ARM
		{91AD6808-F10E-422A-A260-ED96E2F3DB59}.Release|ARM.Build.0 = Release|ARM
		{91AD6808-F10E-422A-A260-ED96E2F3DB59}.Release|ARM64.ActiveCfg = Release|Win32
		{91AD6808-F10E-422A-A260-ED96E2F3DB59}.Release|x64.ActiveCfg = Release|x64
		{91AD6808-F10E-422A-A260-ED96E2F3DB59}.Release|x64.Build.0 = Release|x64
		{91AD6808-F10E-422A-A260-ED96E2F3DB59}.Release|x86.ActiveCfg = Release|Win32
		{91AD6808-F10E-422A-A260-ED96E2F3DB59}.Release|x86.Build.0 = Release|Win32
		{52A7BBF8-60A0-44F1-A3FF-328E10DE033C}.Debug|ARM.ActiveCfg = Debug|ARM
		{52A7BBF8-60A0-44F1-A3FF-328E10DE033C}.Debug|ARM.Build.0 = Debug|ARM
		{52A7BBF8-60A0-44F1-A3FF-328E10DE033C}.Debug|ARM.Deploy.0 = Debug|ARM
		{52A7BBF8-60A0-44F1-A3FF-328E10DE033C}.Debug|ARM64.ActiveCfg = Debug|ARM64
		{52A7BBF8-60A0-44F1-A3FF-328E10DE033C}.Debug|ARM64.Build.0 = Debug|ARM64
		{52A7BBF8-60A0-44F1-A3FF-328E10DE033C}.Debug|ARM64.Deploy.0 = Debug|ARM64
		{52A7BBF8-60A0-44F1-A3FF-328E10DE033C}.Debug|x64.ActiveCfg = Debug|x64
		{52A7BBF8-60A0-44F1-A3FF-328E10DE033C}.Debug|x64.Build.0 = Debug|x64
		{52A7BBF8-60A0-44F1-A3FF-328E10DE033C}.Debug|x64.Deploy.0 = Debug|x64
		{52A7BBF8-60A0-44F1-A3FF-328E10DE033C}.Debug|x86.ActiveCfg = Debug|Win32
		{52A7BBF8-60A0-44F1-A3FF-328E10DE033C}.Debug|x86.Build.0 = Debug|Win32
		{52A7BBF8-60A0-44F1-A3FF-328E10DE033C}.Debug|x86.Deploy.0 = Debug|Win32
		{52A7BBF8-60A0-44F1-A3FF-328E10DE033C}.Release|ARM.ActiveCfg = Release|ARM
		{52A7BBF8-60A0-44F1-A3FF-328E10DE033C}.Release|ARM.Build.0 = Release|ARM
		{52A7BBF8-60A0-44F1-A3FF-328E10DE033C}.Release|ARM.Deploy.0 = Release|ARM
		{52A7BBF8-60A0-44F1-A3FF-328E10DE033C}.Release|ARM64.ActiveCfg = Release|ARM64
		{52A7BBF8-60A0-44F1-A3FF-328E10DE033C}.Release|ARM64.Build.0 = Release|ARM64
		{52A7BBF8-60A0-44F1-A3FF-328E10DE033C}.Release|ARM64.Deploy.0 = Release|ARM64
		{52A7BBF8-60A0-44F1-A3FF-328E10DE033C}.Release|x64.ActiveCfg = Release|x64
		{52A7BBF8-60A0-44F1-A3FF-328E10DE033C}.Release|x64.Build.0 = Release|x64
		{52A7BBF8-60A0-44F1-A3FF-328E10DE033C}.Release|x64.Deploy.0 = Release|x64
		{52A7BBF8-60A0-44F1-A3FF-328E10DE033C}.Release|x86.ActiveCfg = Release|Win32
		{52A7BBF8-60A0-44F1-A3FF-328E10DE033C}.Release|x86.Build.0 = Release|Win32
		{52A7BBF8-60A0-44F1-A3FF-328E10DE033C}.Release|x86.Deploy.0 = Release|Win32
	EndGlobalSection
	GlobalSection(SolutionProperties) = preSolution
		HideSolutionNode = FALSE
	EndGlobalSection
	GlobalSection(ExtensibilityGlobals) = postSolution
		SolutionGuid = {69D66531-5C0A-4CBC-BB50-A2FDAA34FA1D}
	EndGlobalSection
EndGlobal
