
Microsoft Visual Studio Solution File, Format Version 12.00
# Visual Studio Version 16
VisualStudioVersion = 16.0.30804.86
MinimumVisualStudioVersion = 10.0.40219.1
Project("{8BC9CEB8-8B4A-11D0-8D11-00A0C91BC942}") = "anvil", "anvil\anvil.vcxproj", "{3E1DC8B1-89CF-4D1D-833B-FCD8DE23E16D}"
EndProject
Project("{8BC9CEB8-8B4A-11D0-8D11-00A0C91BC942}") = "anvil-tests", "anvil-tests\anvil-tests.vcxproj", "{62AD824E-82DA-41D0-B549-D216D6F53399}"
EndProject
Project("{8BC9CEB8-8B4A-11D0-8D11-00A0C91BC942}") = "lua", "lua\lua.vcxproj", "{D0E2AAFC-53E7-4F0C-96AA-719AF7B05ABE}"
EndProject
Project("{8BC9CEB8-8B4A-11D0-8D11-00A0C91BC942}") = "sandbox-d3d12", "sandbox-d3d12\sandbox-d3d12.vcxproj", "{A340ACAF-EC7E-4378-BF1E-A38F2753986E}"
EndProject
Global
	GlobalSection(SolutionConfigurationPlatforms) = preSolution
		Debug|ARM = Debug|ARM
		Debug|ARM64 = Debug|ARM64
		Debug|x64 = Debug|x64
		Debug|x86 = Debug|x86
		Release|ARM = Release|ARM
		Release|ARM64 = Release|ARM64
		Release|x64 = Release|x64
		Release|x86 = Release|x86
	EndGlobalSection
	GlobalSection(ProjectConfigurationPlatforms) = postSolution
		{3E1DC8B1-89CF-4D1D-833B-FCD8DE23E16D}.Debug|ARM.ActiveCfg = Debug|Win32
		{3E1DC8B1-89CF-4D1D-833B-FCD8DE23E16D}.Debug|ARM64.ActiveCfg = Debug|Win32
		{3E1DC8B1-89CF-4D1D-833B-FCD8DE23E16D}.Debug|x64.ActiveCfg = Debug|x64
		{3E1DC8B1-89CF-4D1D-833B-FCD8DE23E16D}.Debug|x64.Build.0 = Debug|x64
		{3E1DC8B1-89CF-4D1D-833B-FCD8DE23E16D}.Debug|x86.ActiveCfg = Debug|Win32
		{3E1DC8B1-89CF-4D1D-833B-FCD8DE23E16D}.Debug|x86.Build.0 = Debug|Win32
		{3E1DC8B1-89CF-4D1D-833B-FCD8DE23E16D}.Release|ARM.ActiveCfg = Release|Win32
		{3E1DC8B1-89CF-4D1D-833B-FCD8DE23E16D}.Release|ARM64.ActiveCfg = Release|Win32
		{3E1DC8B1-89CF-4D1D-833B-FCD8DE23E16D}.Release|x64.ActiveCfg = Release|x64
		{3E1DC8B1-89CF-4D1D-833B-FCD8DE23E16D}.Release|x64.Build.0 = Release|x64
		{3E1DC8B1-89CF-4D1D-833B-FCD8DE23E16D}.Release|x86.ActiveCfg = Release|Win32
		{3E1DC8B1-89CF-4D1D-833B-FCD8DE23E16D}.Release|x86.Build.0 = Release|Win32
		{62AD824E-82DA-41D0-B549-D216D6F53399}.Debug|ARM.ActiveCfg = Debug|ARM
		{62AD824E-82DA-41D0-B549-D216D6F53399}.Debug|ARM.Build.0 = Debug|ARM
		{62AD824E-82DA-41D0-B549-D216D6F53399}.Debug|ARM.Deploy.0 = Debug|ARM
		{62AD824E-82DA-41D0-B549-D216D6F53399}.Debug|ARM64.ActiveCfg = Debug|ARM64
		{62AD824E-82DA-41D0-B549-D216D6F53399}.Debug|ARM64.Build.0 = Debug|ARM64
		{62AD824E-82DA-41D0-B549-D216D6F53399}.Debug|ARM64.Deploy.0 = Debug|ARM64
		{62AD824E-82DA-41D0-B549-D216D6F53399}.Debug|x64.ActiveCfg = Debug|x64
		{62AD824E-82DA-41D0-B549-D216D6F53399}.Debug|x64.Build.0 = Debug|x64
		{62AD824E-82DA-41D0-B549-D216D6F53399}.Debug|x64.Deploy.0 = Debug|x64
		{62AD824E-82DA-41D0-B549-D216D6F53399}.Debug|x86.ActiveCfg = Debug|Win32
		{62AD824E-82DA-41D0-B549-D216D6F53399}.Debug|x86.Build.0 = Debug|Win32
		{62AD824E-82DA-41D0-B549-D216D6F53399}.Debug|x86.Deploy.0 = Debug|Win32
		{62AD824E-82DA-41D0-B549-D216D6F53399}.Release|ARM.ActiveCfg = Release|ARM
		{62AD824E-82DA-41D0-B549-D216D6F53399}.Release|ARM.Build.0 = Release|ARM
		{62AD824E-82DA-41D0-B549-D216D6F53399}.Release|ARM.Deploy.0 = Release|ARM
		{62AD824E-82DA-41D0-B549-D216D6F53399}.Release|ARM64.ActiveCfg = Release|ARM64
		{62AD824E-82DA-41D0-B549-D216D6F53399}.Release|ARM64.Build.0 = Release|ARM64
		{62AD824E-82DA-41D0-B549-D216D6F53399}.Release|ARM64.Deploy.0 = Release|ARM64
		{62AD824E-82DA-41D0-B549-D216D6F53399}.Release|x64.ActiveCfg = Release|x64
		{62AD824E-82DA-41D0-B549-D216D6F53399}.Release|x64.Build.0 = Release|x64
		{62AD824E-82DA-41D0-B549-D216D6F53399}.Release|x64.Deploy.0 = Release|x64
		{62AD824E-82DA-41D0-B549-D216D6F53399}.Release|x86.ActiveCfg = Release|Win32
		{62AD824E-82DA-41D0-B549-D216D6F53399}.Release|x86.Build.0 = Release|Win32
		{62AD824E-82DA-41D0-B549-D216D6F53399}.Release|x86.Deploy.0 = Release|Win32
		{D0E2AAFC-53E7-4F0C-96AA-719AF7B05ABE}.Debug|ARM.ActiveCfg = Debug|ARM
		{D0E2AAFC-53E7-4F0C-96AA-719AF7B05ABE}.Debug|ARM.Build.0 = Debug|ARM
		{D0E2AAFC-53E7-4F0C-96AA-719AF7B05ABE}.Debug|ARM64.ActiveCfg = Debug|Win32
		{D0E2AAFC-53E7-4F0C-96AA-719AF7B05ABE}.Debug|x64.ActiveCfg = Debug|x64
		{D0E2AAFC-53E7-4F0C-96AA-719AF7B05ABE}.Debug|x64.Build.0 = Debug|x64
		{D0E2AAFC-53E7-4F0C-96AA-719AF7B05ABE}.Debug|x86.ActiveCfg = Debug|Win32
		{D0E2AAFC-53E7-4F0C-96AA-719AF7B05ABE}.Debug|x86.Build.0 = Debug|Win32
		{D0E2AAFC-53E7-4F0C-96AA-719AF7B05ABE}.Release|ARM.ActiveCfg = Release|ARM
		{D0E2AAFC-53E7-4F0C-96AA-719AF7B05ABE}.Release|ARM.Build.0 = Release|ARM
		{D0E2AAFC-53E7-4F0C-96AA-719AF7B05ABE}.Release|ARM64.ActiveCfg = Release|Win32
		{D0E2AAFC-53E7-4F0C-96AA-719AF7B05ABE}.Release|x64.ActiveCfg = Release|x64
		{D0E2AAFC-53E7-4F0C-96AA-719AF7B05ABE}.Release|x64.Build.0 = Release|x64
		{D0E2AAFC-53E7-4F0C-96AA-719AF7B05ABE}.Release|x86.ActiveCfg = Release|Win32
		{D0E2AAFC-53E7-4F0C-96AA-719AF7B05ABE}.Release|x86.Build.0 = Release|Win32
		{A340ACAF-EC7E-4378-BF1E-A38F2753986E}.Debug|ARM.ActiveCfg = Debug|ARM
		{A340ACAF-EC7E-4378-BF1E-A38F2753986E}.Debug|ARM.Build.0 = Debug|ARM
		{A340ACAF-EC7E-4378-BF1E-A38F2753986E}.Debug|ARM.Deploy.0 = Debug|ARM
		{A340ACAF-EC7E-4378-BF1E-A38F2753986E}.Debug|ARM64.ActiveCfg = Debug|ARM64
		{A340ACAF-EC7E-4378-BF1E-A38F2753986E}.Debug|ARM64.Build.0 = Debug|ARM64
		{A340ACAF-EC7E-4378-BF1E-A38F2753986E}.Debug|ARM64.Deploy.0 = Debug|ARM64
		{A340ACAF-EC7E-4378-BF1E-A38F2753986E}.Debug|x64.ActiveCfg = Debug|x64
		{A340ACAF-EC7E-4378-BF1E-A38F2753986E}.Debug|x64.Build.0 = Debug|x64
		{A340ACAF-EC7E-4378-BF1E-A38F2753986E}.Debug|x64.Deploy.0 = Debug|x64
		{A340ACAF-EC7E-4378-BF1E-A38F2753986E}.Debug|x86.ActiveCfg = Debug|Win32
		{A340ACAF-EC7E-4378-BF1E-A38F2753986E}.Debug|x86.Build.0 = Debug|Win32
		{A340ACAF-EC7E-4378-BF1E-A38F2753986E}.Debug|x86.Deploy.0 = Debug|Win32
		{A340ACAF-EC7E-4378-BF1E-A38F2753986E}.Release|ARM.ActiveCfg = Release|ARM
		{A340ACAF-EC7E-4378-BF1E-A38F2753986E}.Release|ARM.Build.0 = Release|ARM
		{A340ACAF-EC7E-4378-BF1E-A38F2753986E}.Release|ARM.Deploy.0 = Release|ARM
		{A340ACAF-EC7E-4378-BF1E-A38F2753986E}.Release|ARM64.ActiveCfg = Release|ARM64
		{A340ACAF-EC7E-4378-BF1E-A38F2753986E}.Release|ARM64.Build.0 = Release|ARM64
		{A340ACAF-EC7E-4378-BF1E-A38F2753986E}.Release|ARM64.Deploy.0 = Release|ARM64
		{A340ACAF-EC7E-4378-BF1E-A38F2753986E}.Release|x64.ActiveCfg = Release|x64
		{A340ACAF-EC7E-4378-BF1E-A38F2753986E}.Release|x64.Build.0 = Release|x64
		{A340ACAF-EC7E-4378-BF1E-A38F2753986E}.Release|x64.Deploy.0 = Release|x64
		{A340ACAF-EC7E-4378-BF1E-A38F2753986E}.Release|x86.ActiveCfg = Release|Win32
		{A340ACAF-EC7E-4378-BF1E-A38F2753986E}.Release|x86.Build.0 = Release|Win32
		{A340ACAF-EC7E-4378-BF1E-A38F2753986E}.Release|x86.Deploy.0 = Release|Win32
	EndGlobalSection
	GlobalSection(SolutionProperties) = preSolution
		HideSolutionNode = FALSE
	EndGlobalSection
	GlobalSection(ExtensibilityGlobals) = postSolution
		SolutionGuid = {69D66531-5C0A-4CBC-BB50-A2FDAA34FA1D}
	EndGlobalSection
EndGlobal
