<?xml version="1.0" encoding="utf-8"?>
<Project ToolsVersion="4.0" xmlns="http://schemas.microsoft.com/developer/msbuild/2003">
  <ItemGroup>
    <Filter Include="Common">
      <UniqueIdentifier>a340acaf-ec7e-4378-bf1e-a38f2753986e</UniqueIdentifier>
    </Filter>
    <Filter Include="Assets">
      <UniqueIdentifier>93322506-e745-4268-a712-19faab8b0466</UniqueIdentifier>
      <Extensions>bmp;fbx;gif;jpg;jpeg;tga;tiff;tif;png</Extensions>
    </Filter>
    <Filter Include="Content">
      <UniqueIdentifier>b6b1fefe-9a7a-4958-8917-649d44998284</UniqueIdentifier>
    </Filter>
    <ClInclude Include="Common\d3dx12.h">
      <Filter>Common</Filter>
    </ClInclude>
    <ClInclude Include="Common\DirectXHelper.h">
      <Filter>Common</Filter>
    </ClInclude>
    <ClInclude Include="Common\StepTimer.h">
      <Filter>Common</Filter>
    </ClInclude>
    <ClInclude Include="Common\DeviceResources.h">
      <Filter>Common</Filter>
    </ClInclude>
    <ClCompile Include="Common\DeviceResources.cpp">
      <Filter>Common</Filter>
    </ClCompile>
    <ClInclude Include="Content\Sample3DSceneRenderer.h">
      <Filter>Content</Filter>
    </ClInclude>
    <ClInclude Include="Content\ShaderStructures.h">
      <Filter>Content</Filter>
    </ClInclude>
    <ClCompile Include="Content\Sample3DSceneRenderer.cpp">
      <Filter>Content</Filter>
    </ClCompile>
    <FxCompile Include="Content\SamplePixelShader.hlsl">
      <Filter>Content</Filter>
    </FxCompile>
    <FxCompile Include="Content\SampleVertexShader.hlsl">
      <Filter>Content</Filter>
    </FxCompile>
    <Image Include="Assets\LockScreenLogo.scale-200.png">
      <Filter>Assets</Filter>
    </Image>
    <Image Include="Assets\SplashScreen.scale-200.png">
      <Filter>Assets</Filter>
    </Image>
    <Image Include="Assets\Square150x150Logo.scale-200.png">
      <Filter>Assets</Filter>
    </Image>
    <Image Include="Assets\Square44x44Logo.scale-200.png">
      <Filter>Assets</Filter>
    </Image>
    <Image Include="Assets\Square44x44Logo.targetsize-24_altform-unplated.png">
      <Filter>Assets</Filter>
    </Image>
    <Image Include="Assets\StoreLogo.png">
      <Filter>Assets</Filter>
    </Image>
    <Image Include="Assets\Wide310x150Logo.scale-200.png">
      <Filter>Assets</Filter>
    </Image>
  </ItemGroup>
  <ItemGroup>
    <ClCompile Include="App.cpp" />
    <ClCompile Include="sandbox_d3d12Main.cpp" />
    <ClCompile Include="pch.cpp" />
  </ItemGroup>
  <ItemGroup>
    <ClInclude Include="App.h" />
    <ClInclude Include="sandbox_d3d12Main.h" />
    <ClInclude Include="pch.h" />
  </ItemGroup>
  <ItemGroup>
    <AppxManifest Include="Package.appxmanifest" />
  </ItemGroup>
</Project>