<?xml version="1.0" encoding="utf-8"?>
<Project ToolsVersion="15.0" xmlns="http://schemas.microsoft.com/developer/msbuild/2003">
  <ItemGroup>
    <Filter Include="Resource Files">
      <UniqueIdentifier>{67DA6AB6-F800-4c08-8B7A-83BB121AAD01}</UniqueIdentifier>
      <Extensions>rc;ico;cur;bmp;dlg;rc2;rct;bin;rgs;gif;jpg;jpeg;jpe;resx;tga;tiff;tif;png;wav;mfcribbon-ms</Extensions>
    </Filter>
    <Filter Include="include">
      <UniqueIdentifier>{126920b4-5b72-46f6-9a20-b20e6da1282d}</UniqueIdentifier>
    </Filter>
    <Filter Include="src">
      <UniqueIdentifier>{0593da5a-737e-4ae3-b97a-09d26a5d5128}</UniqueIdentifier>
    </Filter>
    <Filter Include="include\math">
      <UniqueIdentifier>{5623e342-0296-4a77-ab57-49e3e81aaa56}</UniqueIdentifier>
    </Filter>
    <Filter Include="include\string">
      <UniqueIdentifier>{854d2909-87af-4a6d-92ad-7b89cf45dbf8}</UniqueIdentifier>
    </Filter>
    <Filter Include="include\containers">
      <UniqueIdentifier>{8cfe1461-ada8-43d6-821c-04e41b125b96}</UniqueIdentifier>
    </Filter>
    <Filter Include="include\chess">
      <UniqueIdentifier>{0d27d1c3-2ca8-406e-9ff9-5f4d16358502}</UniqueIdentifier>
    </Filter>
    <Filter Include="src\math">
      <UniqueIdentifier>{d874323f-f01a-449b-ac09-23d7956dc8ec}</UniqueIdentifier>
    </Filter>
    <Filter Include="src\string">
      <UniqueIdentifier>{4b78a012-4d19-400b-8eaa-69a29cbfc0a7}</UniqueIdentifier>
    </Filter>
  </ItemGroup>
  <ItemGroup>
    <ClInclude Include="include\anvil\option.h">
      <Filter>include</Filter>
    </ClInclude>
    <ClInclude Include="include\anvil\smartpointer.h">
      <Filter>include</Filter>
    </ClInclude>
    <ClInclude Include="include\anvil\time.h">
      <Filter>include</Filter>
    </ClInclude>
    <ClInclude Include="include\anvil\types.h">
      <Filter>include</Filter>
    </ClInclude>
    <ClInclude Include="include\anvil\math\mat.h">
      <Filter>include\math</Filter>
    </ClInclude>
    <ClInclude Include="include\anvil\math\mat2x2f.h">
      <Filter>include\math</Filter>
    </ClInclude>
    <ClInclude Include="include\anvil\math\mat3x3f.h">
      <Filter>include\math</Filter>
    </ClInclude>
    <ClInclude Include="include\anvil\math\mat4x4f.h">
      <Filter>include\math</Filter>
    </ClInclude>
    <ClInclude Include="include\anvil\math\rand.h">
      <Filter>include\math</Filter>
    </ClInclude>
    <ClInclude Include="include\anvil\math\util.h">
      <Filter>include\math</Filter>
    </ClInclude>
    <ClInclude Include="include\anvil\math\vec2f.h">
      <Filter>include\math</Filter>
    </ClInclude>
    <ClInclude Include="include\anvil\math\vec3f.h">
      <Filter>include\math</Filter>
    </ClInclude>
    <ClInclude Include="include\anvil\math\vec4f.h">
      <Filter>include\math</Filter>
    </ClInclude>
    <ClInclude Include="include\anvil\containers\arrayutils.h">
      <Filter>include\containers</Filter>
    </ClInclude>
    <ClInclude Include="include\anvil\containers\graph.h">
      <Filter>include\containers</Filter>
    </ClInclude>
    <ClInclude Include="include\anvil\containers\hash.h">
      <Filter>include\containers</Filter>
    </ClInclude>
    <ClInclude Include="include\anvil\containers\list.h">
      <Filter>include\containers</Filter>
    </ClInclude>
    <ClInclude Include="include\anvil\containers\map.h">
      <Filter>include\containers</Filter>
    </ClInclude>
    <ClInclude Include="include\anvil\containers\redblacktree.h">
      <Filter>include\containers</Filter>
    </ClInclude>
    <ClInclude Include="include\anvil\containers\slice.h">
      <Filter>include\containers</Filter>
    </ClInclude>
    <ClInclude Include="include\anvil\string\string.h">
      <Filter>include\string</Filter>
    </ClInclude>
    <ClInclude Include="include\anvil\chess\bitboard.h">
      <Filter>include\chess</Filter>
    </ClInclude>
  </ItemGroup>
  <ItemGroup>
    <ClCompile Include="src\anvil\string\string.cpp">
      <Filter>src\string</Filter>
    </ClCompile>
    <ClCompile Include="src\anvil\math\mat4x4f.cpp">
      <Filter>src\math</Filter>
    </ClCompile>
    <ClCompile Include="src\anvil\math\vec4f.cpp">
      <Filter>src\math</Filter>
    </ClCompile>
  </ItemGroup>
</Project>