<?xml version="1.0" encoding="utf-8"?>
<Project ToolsVersion="15.0" xmlns="http://schemas.microsoft.com/developer/msbuild/2003">
  <ItemGroup>
    <Filter Include="Resource Files">
      <UniqueIdentifier>{67DA6AB6-F800-4c08-8B7A-83BB121AAD01}</UniqueIdentifier>
      <Extensions>rc;ico;cur;bmp;dlg;rc2;rct;bin;rgs;gif;jpg;jpeg;jpe;resx;tga;tiff;tif;png;wav;mfcribbon-ms</Extensions>
    </Filter>
    <Filter Include="Source">
      <UniqueIdentifier>{527fa346-d6c6-4de1-8357-0ead48964bee}</UniqueIdentifier>
    </Filter>
    <Filter Include="Include">
      <UniqueIdentifier>{e425aa98-ba14-4100-b268-8f911c18728a}</UniqueIdentifier>
    </Filter>
    <Filter Include="Include\math">
      <UniqueIdentifier>{95608c78-5a82-4770-b52c-945d47a83710}</UniqueIdentifier>
    </Filter>
    <Filter Include="Include\ads">
      <UniqueIdentifier>{69ef6af6-2926-4215-9159-379263b98655}</UniqueIdentifier>
    </Filter>
    <Filter Include="Include\string">
      <UniqueIdentifier>{8b77e0e8-bddf-4e89-8a60-bc697a266ccb}</UniqueIdentifier>
    </Filter>
    <Filter Include="Include\chess">
      <UniqueIdentifier>{80a4001b-00d7-468b-8d5e-51d32000ef1f}</UniqueIdentifier>
    </Filter>
  </ItemGroup>
  <ItemGroup>
    <ClInclude Include="targetver.h">
      <Filter>Include</Filter>
    </ClInclude>
    <ClInclude Include="include\math\mat2x2f.h">
      <Filter>Include\math</Filter>
    </ClInclude>
    <ClInclude Include="include\math\mat3x3f.h">
      <Filter>Include\math</Filter>
    </ClInclude>
    <ClInclude Include="include\math\mat4x4f.h">
      <Filter>Include\math</Filter>
    </ClInclude>
    <ClInclude Include="include\math\util.h">
      <Filter>Include\math</Filter>
    </ClInclude>
    <ClInclude Include="include\math\vec2f.h">
      <Filter>Include\math</Filter>
    </ClInclude>
    <ClInclude Include="include\math\vec3f.h">
      <Filter>Include\math</Filter>
    </ClInclude>
    <ClInclude Include="include\math\vec4f.h">
      <Filter>Include\math</Filter>
    </ClInclude>
    <ClInclude Include="include\ads\redblacktree.h">
      <Filter>Include\ads</Filter>
    </ClInclude>
    <ClInclude Include="include\ads\slice.h">
      <Filter>Include\ads</Filter>
    </ClInclude>
    <ClInclude Include="include\option.h">
      <Filter>Include</Filter>
    </ClInclude>
    <ClInclude Include="include\ads\list.h">
      <Filter>Include\ads</Filter>
    </ClInclude>
    <ClInclude Include="include\ads\arrayutils.h">
      <Filter>Include\ads</Filter>
    </ClInclude>
    <ClInclude Include="include\ads\hash.h">
      <Filter>Include\ads</Filter>
    </ClInclude>
    <ClInclude Include="include\ads\map.h">
      <Filter>Include\ads</Filter>
    </ClInclude>
    <ClInclude Include="include\string\string.h">
      <Filter>Include\string</Filter>
    </ClInclude>
    <ClInclude Include="include\types.h">
      <Filter>Include</Filter>
    </ClInclude>
    <ClInclude Include="include\rand.h">
      <Filter>Include</Filter>
    </ClInclude>
    <ClInclude Include="include\ads\graph.h">
      <Filter>Include\ads</Filter>
    </ClInclude>
    <ClInclude Include="include\chess\bitboard.h">
      <Filter>Include\chess</Filter>
    </ClInclude>
  </ItemGroup>
  <ItemGroup>
    <ClCompile Include="src\math\util.cpp">
      <Filter>Source</Filter>
    </ClCompile>
    <ClCompile Include="src\math\mat4x4f.cpp">
      <Filter>Source</Filter>
    </ClCompile>
    <ClCompile Include="src\math\vec4f.cpp">
      <Filter>Source</Filter>
    </ClCompile>
    <ClCompile Include="src\string\string.cpp">
      <Filter>Source</Filter>
    </ClCompile>
  </ItemGroup>
</Project>